
Microsoft Visual Studio Solution File, Format Version 12.00
# Visual Studio Version 17
VisualStudioVersion = 17.14.36212.18 d17.14
MinimumVisualStudioVersion = 10.0.40219.1
Project("{FAE04EC0-301F-11D3-BF4B-00C04F79EFBC}") = "SLADotNetCore.ConsoleApp", "SLADotNetCore.ConsoleApp\SLADotNetCore.ConsoleApp.csproj", "{618C372C-6962-4930-9D6E-A83BC1C35357}"
EndProject
Global
	GlobalSection(SolutionConfigurationPlatforms) = preSolution
		Debug|Any CPU = Debug|Any CPU
		Release|Any CPU = Release|Any CPU
	EndGlobalSection
	GlobalSection(ProjectConfigurationPlatforms) = postSolution
		{618C372C-6962-4930-9D6E-A83BC1C35357}.Debug|Any CPU.ActiveCfg = Debug|Any CPU
		{618C372C-6962-4930-9D6E-A83BC1C35357}.Debug|Any CPU.Build.0 = Debug|Any CPU
		{618C372C-6962-4930-9D6E-A83BC1C35357}.Release|Any CPU.ActiveCfg = Release|Any CPU
		{618C372C-6962-4930-9D6E-A83BC1C35357}.Release|Any CPU.Build.0 = Release|Any CPU
	EndGlobalSection
	GlobalSection(SolutionProperties) = preSolution
		HideSolutionNode = FALSE
	EndGlobalSection
	GlobalSection(ExtensibilityGlobals) = postSolution
		SolutionGuid = {B92A1D03-D901-417E-940E-F35650682B8C}
	EndGlobalSection
EndGlobal
